// !$*UTF8*$!
{
	archiveVersion = 1;
	classes = {
	};
	objectVersion = 56;
	objects = {

/* Begin PBXBuildFile section */
		F41791012B90E25B006BFBFC /* eman.wav in Resources */ = {isa = PBXBuildFile; fileRef = F41791002B90E25B006BFBFC /* eman.wav */; };
		F44108CD2B91DEA700103155 /* m-suspense.wav in Resources */ = {isa = PBXBuildFile; fileRef = F44108C52B91DEA600103155 /* m-suspense.wav */; };
		F44108CE2B91DEA700103155 /* tick.wav in Resources */ = {isa = PBXBuildFile; fileRef = F44108C62B91DEA600103155 /* tick.wav */; };
		F44108CF2B91DEA700103155 /* m-intro.wav in Resources */ = {isa = PBXBuildFile; fileRef = F44108C72B91DEA600103155 /* m-intro.wav */; };
		F44108D02B91DEA700103155 /* wrong.wav in Resources */ = {isa = PBXBuildFile; fileRef = F44108C82B91DEA600103155 /* wrong.wav */; };
		F44108D12B91DEA700103155 /* m-timer.wav in Resources */ = {isa = PBXBuildFile; fileRef = F44108C92B91DEA600103155 /* m-timer.wav */; };
		F44108D22B91DEA700103155 /* m-audience.wav in Resources */ = {isa = PBXBuildFile; fileRef = F44108CA2B91DEA700103155 /* m-audience.wav */; };
		F44108D32B91DEA700103155 /* m-right.wav in Resources */ = {isa = PBXBuildFile; fileRef = F44108CB2B91DEA700103155 /* m-right.wav */; };
		F44108D42B91DEA700103155 /* rahatsiz.wav in Resources */ = {isa = PBXBuildFile; fileRef = F44108CC2B91DEA700103155 /* rahatsiz.wav */; };
		F4ADB37A2B90D80D0036B431 /* Sound_EffectsApp.swift in Sources */ = {isa = PBXBuildFile; fileRef = F4ADB3792B90D80D0036B431 /* Sound_EffectsApp.swift */; };
		F4ADB37C2B90D80D0036B431 /* ContentView.swift in Sources */ = {isa = PBXBuildFile; fileRef = F4ADB37B2B90D80D0036B431 /* ContentView.swift */; };
		F4ADB37E2B90D80E0036B431 /* Assets.xcassets in Resources */ = {isa = PBXBuildFile; fileRef = F4ADB37D2B90D80E0036B431 /* Assets.xcassets */; };
		F4ADB3812B90D80E0036B431 /* Preview Assets.xcassets in Resources */ = {isa = PBXBuildFile; fileRef = F4ADB3802B90D80E0036B431 /* Preview Assets.xcassets */; };
		F4F3E2072B927857008F28C6 /* SoundManager.swift in Sources */ = {isa = PBXBuildFile; fileRef = F4F3E2062B927857008F28C6 /* SoundManager.swift */; };
/* End PBXBuildFile section */

/* Begin PBXFileReference section */
		F41791002B90E25B006BFBFC /* eman.wav */ = {isa = PBXFileReference; lastKnownFileType = audio.wav; path = eman.wav; sourceTree = "<group>"; };
		F44108C52B91DEA600103155 /* m-suspense.wav */ = {isa = PBXFileReference; lastKnownFileType = audio.wav; path = "m-suspense.wav"; sourceTree = "<group>"; };
		F44108C62B91DEA600103155 /* tick.wav */ = {isa = PBXFileReference; lastKnownFileType = audio.wav; path = tick.wav; sourceTree = "<group>"; };
		F44108C72B91DEA600103155 /* m-intro.wav */ = {isa = PBXFileReference; lastKnownFileType = audio.wav; path = "m-intro.wav"; sourceTree = "<group>"; };
		F44108C82B91DEA600103155 /* wrong.wav */ = {isa = PBXFileReference; lastKnownFileType = audio.wav; path = wrong.wav; sourceTree = "<group>"; };
		F44108C92B91DEA600103155 /* m-timer.wav */ = {isa = PBXFileReference; lastKnownFileType = audio.wav; path = "m-timer.wav"; sourceTree = "<group>"; };
		F44108CA2B91DEA700103155 /* m-audience.wav */ = {isa = PBXFileReference; lastKnownFileType = audio.wav; path = "m-audience.wav"; sourceTree = "<group>"; };
		F44108CB2B91DEA700103155 /* m-right.wav */ = {isa = PBXFileReference; lastKnownFileType = audio.wav; path = "m-right.wav"; sourceTree = "<group>"; };
		F44108CC2B91DEA700103155 /* rahatsiz.wav */ = {isa = PBXFileReference; lastKnownFileType = audio.wav; path = rahatsiz.wav; sourceTree = "<group>"; };
		F4ADB3762B90D80D0036B431 /* Sound Effects.app */ = {isa = PBXFileReference; explicitFileType = wrapper.application; includeInIndex = 0; path = "Sound Effects.app"; sourceTree = BUILT_PRODUCTS_DIR; };
		F4ADB3792B90D80D0036B431 /* Sound_EffectsApp.swift */ = {isa = PBXFileReference; lastKnownFileType = sourcecode.swift; path = Sound_EffectsApp.swift; sourceTree = "<group>"; };
		F4ADB37B2B90D80D0036B431 /* ContentView.swift */ = {isa = PBXFileReference; lastKnownFileType = sourcecode.swift; path = ContentView.swift; sourceTree = "<group>"; };
		F4ADB37D2B90D80E0036B431 /* Assets.xcassets */ = {isa = PBXFileReference; lastKnownFileType = folder.assetcatalog; path = Assets.xcassets; sourceTree = "<group>"; };
		F4ADB3802B90D80E0036B431 /* Preview Assets.xcassets */ = {isa = PBXFileReference; lastKnownFileType = folder.assetcatalog; path = "Preview Assets.xcassets"; sourceTree = "<group>"; };
		F4F3E2062B927857008F28C6 /* SoundManager.swift */ = {isa = PBXFileReference; lastKnownFileType = sourcecode.swift; path = SoundManager.swift; sourceTree = "<group>"; };
/* End PBXFileReference section */

/* Begin PBXFrameworksBuildPhase section */
		F4ADB3732B90D80D0036B431 /* Frameworks */ = {
			isa = PBXFrameworksBuildPhase;
			buildActionMask = 2147483647;
			files = (
			);
			runOnlyForDeploymentPostprocessing = 0;
		};
/* End PBXFrameworksBuildPhase section */

/* Begin PBXGroup section */
		F4ADB36D2B90D80D0036B431 = {
			isa = PBXGroup;
			children = (
				F4ADB3782B90D80D0036B431 /* Sound Effects */,
				F4ADB3772B90D80D0036B431 /* Products */,
			);
			sourceTree = "<group>";
		};
		F4ADB3772B90D80D0036B431 /* Products */ = {
			isa = PBXGroup;
			children = (
				F4ADB3762B90D80D0036B431 /* Sound Effects.app */,
			);
			name = Products;
			sourceTree = "<group>";
		};
		F4ADB3782B90D80D0036B431 /* Sound Effects */ = {
			isa = PBXGroup;
			children = (
				F4F3E2062B927857008F28C6 /* SoundManager.swift */,
				F4ADB3792B90D80D0036B431 /* Sound_EffectsApp.swift */,
				F4ADB37B2B90D80D0036B431 /* ContentView.swift */,
				F4ADB37D2B90D80E0036B431 /* Assets.xcassets */,
				F41791002B90E25B006BFBFC /* eman.wav */,
				F44108CA2B91DEA700103155 /* m-audience.wav */,
				F44108C72B91DEA600103155 /* m-intro.wav */,
				F44108CB2B91DEA700103155 /* m-right.wav */,
				F44108C52B91DEA600103155 /* m-suspense.wav */,
				F44108C92B91DEA600103155 /* m-timer.wav */,
				F44108CC2B91DEA700103155 /* rahatsiz.wav */,
				F44108C62B91DEA600103155 /* tick.wav */,
				F44108C82B91DEA600103155 /* wrong.wav */,
				F4ADB37F2B90D80E0036B431 /* Preview Content */,
			);
			path = "Sound Effects";
			sourceTree = "<group>";
		};
		F4ADB37F2B90D80E0036B431 /* Preview Content */ = {
			isa = PBXGroup;
			children = (
				F4ADB3802B90D80E0036B431 /* Preview Assets.xcassets */,
			);
			path = "Preview Content";
			sourceTree = "<group>";
		};
/* End PBXGroup section */

/* Begin PBXNativeTarget section */
		F4ADB3752B90D80D0036B431 /* Sound Effects */ = {
			isa = PBXNativeTarget;
			buildConfigurationList = F4ADB3842B90D80E0036B431 /* Build configuration list for PBXNativeTarget "Sound Effects" */;
			buildPhases = (
				F4ADB3722B90D80D0036B431 /* Sources */,
				F4ADB3732B90D80D0036B431 /* Frameworks */,
				F4ADB3742B90D80D0036B431 /* Resources */,
			);
			buildRules = (
			);
			dependencies = (
			);
			name = "Sound Effects";
			productName = "Sound Effects";
			productReference = F4ADB3762B90D80D0036B431 /* Sound Effects.app */;
			productType = "com.apple.product-type.application";
		};
/* End PBXNativeTarget section */

/* Begin PBXProject section */
		F4ADB36E2B90D80D0036B431 /* Project object */ = {
			isa = PBXProject;
			attributes = {
				BuildIndependentTargetsInParallel = 1;
				LastSwiftUpdateCheck = 1500;
				LastUpgradeCheck = 1500;
				TargetAttributes = {
					F4ADB3752B90D80D0036B431 = {
						CreatedOnToolsVersion = 15.0;
					};
				};
			};
			buildConfigurationList = F4ADB3712B90D80D0036B431 /* Build configuration list for PBXProject "Sound Effects" */;
			compatibilityVersion = "Xcode 14.0";
			developmentRegion = en;
			hasScannedForEncodings = 0;
			knownRegions = (
				en,
				Base,
			);
			mainGroup = F4ADB36D2B90D80D0036B431;
			productRefGroup = F4ADB3772B90D80D0036B431 /* Products */;
			projectDirPath = "";
			projectRoot = "";
			targets = (
				F4ADB3752B90D80D0036B431 /* Sound Effects */,
			);
		};
/* End PBXProject section */

/* Begin PBXResourcesBuildPhase section */
		F4ADB3742B90D80D0036B431 /* Resources */ = {
			isa = PBXResourcesBuildPhase;
			buildActionMask = 2147483647;
			files = (
				F44108D42B91DEA700103155 /* rahatsiz.wav in Resources */,
				F44108D22B91DEA700103155 /* m-audience.wav in Resources */,
				F44108CE2B91DEA700103155 /* tick.wav in Resources */,
				F41791012B90E25B006BFBFC /* eman.wav in Resources */,
				F44108D12B91DEA700103155 /* m-timer.wav in Resources */,
				F4ADB3812B90D80E0036B431 /* Preview Assets.xcassets in Resources */,
				F44108D32B91DEA700103155 /* m-right.wav in Resources */,
				F44108D02B91DEA700103155 /* wrong.wav in Resources */,
				F44108CD2B91DEA700103155 /* m-suspense.wav in Resources */,
				F4ADB37E2B90D80E0036B431 /* Assets.xcassets in Resources */,
				F44108CF2B91DEA700103155 /* m-intro.wav in Resources */,
			);
			runOnlyForDeploymentPostprocessing = 0;
		};
/* End PBXResourcesBuildPhase section */

/* Begin PBXSourcesBuildPhase section */
		F4ADB3722B90D80D0036B431 /* Sources */ = {
			isa = PBXSourcesBuildPhase;
			buildActionMask = 2147483647;
			files = (
				F4ADB37C2B90D80D0036B431 /* ContentView.swift in Sources */,
				F4F3E2072B927857008F28C6 /* SoundManager.swift in Sources */,
				F4ADB37A2B90D80D0036B431 /* Sound_EffectsApp.swift in Sources */,
			);
			runOnlyForDeploymentPostprocessing = 0;
		};
/* End PBXSourcesBuildPhase section */

/* Begin XCBuildConfiguration section */
		F4ADB3822B90D80E0036B431 /* Debug */ = {
			isa = XCBuildConfiguration;
			buildSettings = {
				ALWAYS_SEARCH_USER_PATHS = NO;
				ASSETCATALOG_COMPILER_GENERATE_SWIFT_ASSET_SYMBOL_EXTENSIONS = YES;
				CLANG_ANALYZER_NONNULL = YES;
				CLANG_ANALYZER_NUMBER_OBJECT_CONVERSION = YES_AGGRESSIVE;
				CLANG_CXX_LANGUAGE_STANDARD = "gnu++20";
				CLANG_ENABLE_MODULES = YES;
				CLANG_ENABLE_OBJC_ARC = YES;
				CLANG_ENABLE_OBJC_WEAK = YES;
				CLANG_WARN_BLOCK_CAPTURE_AUTORELEASING = YES;
				CLANG_WARN_BOOL_CONVERSION = YES;
				CLANG_WARN_COMMA = YES;
				CLANG_WARN_CONSTANT_CONVERSION = YES;
				CLANG_WARN_DEPRECATED_OBJC_IMPLEMENTATIONS = YES;
				CLANG_WARN_DIRECT_OBJC_ISA_USAGE = YES_ERROR;
				CLANG_WARN_DOCUMENTATION_COMMENTS = YES;
				CLANG_WARN_EMPTY_BODY = YES;
				CLANG_WARN_ENUM_CONVERSION = YES;
				CLANG_WARN_INFINITE_RECURSION = YES;
				CLANG_WARN_INT_CONVERSION = YES;
				CLANG_WARN_NON_LITERAL_NULL_CONVERSION = YES;
				CLANG_WARN_OBJC_IMPLICIT_RETAIN_SELF = YES;
				CLANG_WARN_OBJC_LITERAL_CONVERSION = YES;
				CLANG_WARN_OBJC_ROOT_CLASS = YES_ERROR;
				CLANG_WARN_QUOTED_INCLUDE_IN_FRAMEWORK_HEADER = YES;
				CLANG_WARN_RANGE_LOOP_ANALYSIS = YES;
				CLANG_WARN_STRICT_PROTOTYPES = YES;
				CLANG_WARN_SUSPICIOUS_MOVE = YES;
				CLANG_WARN_UNGUARDED_AVAILABILITY = YES_AGGRESSIVE;
				CLANG_WARN_UNREACHABLE_CODE = YES;
				CLANG_WARN__DUPLICATE_METHOD_MATCH = YES;
				COPY_PHASE_STRIP = NO;
				DEBUG_INFORMATION_FORMAT = dwarf;
				ENABLE_STRICT_OBJC_MSGSEND = YES;
				ENABLE_TESTABILITY = YES;
				ENABLE_USER_SCRIPT_SANDBOXING = YES;
				GCC_C_LANGUAGE_STANDARD = gnu17;
				GCC_DYNAMIC_NO_PIC = NO;
				GCC_NO_COMMON_BLOCKS = YES;
				GCC_OPTIMIZATION_LEVEL = 0;
				GCC_PREPROCESSOR_DEFINITIONS = (
					"DEBUG=1",
					"$(inherited)",
				);
				GCC_WARN_64_TO_32_BIT_CONVERSION = YES;
				GCC_WARN_ABOUT_RETURN_TYPE = YES_ERROR;
				GCC_WARN_UNDECLARED_SELECTOR = YES;
				GCC_WARN_UNINITIALIZED_AUTOS = YES_AGGRESSIVE;
				GCC_WARN_UNUSED_FUNCTION = YES;
				GCC_WARN_UNUSED_VARIABLE = YES;
				IPHONEOS_DEPLOYMENT_TARGET = 17.0;
				LOCALIZATION_PREFERS_STRING_CATALOGS = YES;
				MTL_ENABLE_DEBUG_INFO = INCLUDE_SOURCE;
				MTL_FAST_MATH = YES;
				ONLY_ACTIVE_ARCH = YES;
				SDKROOT = iphoneos;
				SWIFT_ACTIVE_COMPILATION_CONDITIONS = "DEBUG $(inherited)";
				SWIFT_OPTIMIZATION_LEVEL = "-Onone";
			};
			name = Debug;
		};
		F4ADB3832B90D80E0036B431 /* Release */ = {
			isa = XCBuildConfiguration;
			buildSettings = {
				ALWAYS_SEARCH_USER_PATHS = NO;
				ASSETCATALOG_COMPILER_GENERATE_SWIFT_ASSET_SYMBOL_EXTENSIONS = YES;
				CLANG_ANALYZER_NONNULL = YES;
				CLANG_ANALYZER_NUMBER_OBJECT_CONVERSION = YES_AGGRESSIVE;
				CLANG_CXX_LANGUAGE_STANDARD = "gnu++20";
				CLANG_ENABLE_MODULES = YES;
				CLANG_ENABLE_OBJC_ARC = YES;
				CLANG_ENABLE_OBJC_WEAK = YES;
				CLANG_WARN_BLOCK_CAPTURE_AUTORELEASING = YES;
				CLANG_WARN_BOOL_CONVERSION = YES;
				CLANG_WARN_COMMA = YES;
				CLANG_WARN_CONSTANT_CONVERSION = YES;
				CLANG_WARN_DEPRECATED_OBJC_IMPLEMENTATIONS = YES;
				CLANG_WARN_DIRECT_OBJC_ISA_USAGE = YES_ERROR;
				CLANG_WARN_DOCUMENTATION_COMMENTS = YES;
				CLANG_WARN_EMPTY_BODY = YES;
				CLANG_WARN_ENUM_CONVERSION = YES;
				CLANG_WARN_INFINITE_RECURSION = YES;
				CLANG_WARN_INT_CONVERSION = YES;
				CLANG_WARN_NON_LITERAL_NULL_CONVERSION = YES;
				CLANG_WARN_OBJC_IMPLICIT_RETAIN_SELF = YES;
				CLANG_WARN_OBJC_LITERAL_CONVERSION = YES;
				CLANG_WARN_OBJC_ROOT_CLASS = YES_ERROR;
				CLANG_WARN_QUOTED_INCLUDE_IN_FRAMEWORK_HEADER = YES;
				CLANG_WARN_RANGE_LOOP_ANALYSIS = YES;
				CLANG_WARN_STRICT_PROTOTYPES = YES;
				CLANG_WARN_SUSPICIOUS_MOVE = YES;
				CLANG_WARN_UNGUARDED_AVAILABILITY = YES_AGGRESSIVE;
				CLANG_WARN_UNREACHABLE_CODE = YES;
				CLANG_WARN__DUPLICATE_METHOD_MATCH = YES;
				COPY_PHASE_STRIP = NO;
				DEBUG_INFORMATION_FORMAT = "dwarf-with-dsym";
				ENABLE_NS_ASSERTIONS = NO;
				ENABLE_STRICT_OBJC_MSGSEND = YES;
				ENABLE_USER_SCRIPT_SANDBOXING = YES;
				GCC_C_LANGUAGE_STANDARD = gnu17;
				GCC_NO_COMMON_BLOCKS = YES;
				GCC_WARN_64_TO_32_BIT_CONVERSION = YES;
				GCC_WARN_ABOUT_RETURN_TYPE = YES_ERROR;
				GCC_WARN_UNDECLARED_SELECTOR = YES;
				GCC_WARN_UNINITIALIZED_AUTOS = YES_AGGRESSIVE;
				GCC_WARN_UNUSED_FUNCTION = YES;
				GCC_WARN_UNUSED_VARIABLE = YES;
				IPHONEOS_DEPLOYMENT_TARGET = 17.0;
				LOCALIZATION_PREFERS_STRING_CATALOGS = YES;
				MTL_ENABLE_DEBUG_INFO = NO;
				MTL_FAST_MATH = YES;
				SDKROOT = iphoneos;
				SWIFT_COMPILATION_MODE = wholemodule;
				VALIDATE_PRODUCT = YES;
			};
			name = Release;
		};
		F4ADB3852B90D80E0036B431 /* Debug */ = {
			isa = XCBuildConfiguration;
			buildSettings = {
				ASSETCATALOG_COMPILER_APPICON_NAME = AppIcon;
				ASSETCATALOG_COMPILER_GLOBAL_ACCENT_COLOR_NAME = AccentColor;
				CODE_SIGN_STYLE = Automatic;
				CURRENT_PROJECT_VERSION = 1;
				DEVELOPMENT_ASSET_PATHS = "\"Sound Effects/Preview Content\"";
				DEVELOPMENT_TEAM = AWP25S64A6;
				ENABLE_PREVIEWS = YES;
				GENERATE_INFOPLIST_FILE = YES;
				INFOPLIST_KEY_UIApplicationSceneManifest_Generation = YES;
				INFOPLIST_KEY_UIApplicationSupportsIndirectInputEvents = YES;
				INFOPLIST_KEY_UILaunchScreen_Generation = YES;
				INFOPLIST_KEY_UISupportedInterfaceOrientations_iPad = "UIInterfaceOrientationPortrait UIInterfaceOrientationPortraitUpsideDown UIInterfaceOrientationLandscapeLeft UIInterfaceOrientationLandscapeRight";
				INFOPLIST_KEY_UISupportedInterfaceOrientations_iPhone = "UIInterfaceOrientationPortrait UIInterfaceOrientationLandscapeLeft UIInterfaceOrientationLandscapeRight";
				LD_RUNPATH_SEARCH_PATHS = (
					"$(inherited)",
					"@executable_path/Frameworks",
				);
				MARKETING_VERSION = 1.0;
				PRODUCT_BUNDLE_IDENTIFIER = "sunset.Sound-Effects";
				PRODUCT_NAME = "$(TARGET_NAME)";
				SWIFT_EMIT_LOC_STRINGS = YES;
				SWIFT_VERSION = 5.0;
				TARGETED_DEVICE_FAMILY = "1,2";
			};
			name = Debug;
		};
		F4ADB3862B90D80E0036B431 /* Release */ = {
			isa = XCBuildConfiguration;
			buildSettings = {
				ASSETCATALOG_COMPILER_APPICON_NAME = AppIcon;
				ASSETCATALOG_COMPILER_GLOBAL_ACCENT_COLOR_NAME = AccentColor;
				CODE_SIGN_STYLE = Automatic;
				CURRENT_PROJECT_VERSION = 1;
				DEVELOPMENT_ASSET_PATHS = "\"Sound Effects/Preview Content\"";
				DEVELOPMENT_TEAM = AWP25S64A6;
				ENABLE_PREVIEWS = YES;
				GENERATE_INFOPLIST_FILE = YES;
				INFOPLIST_KEY_UIApplicationSceneManifest_Generation = YES;
				INFOPLIST_KEY_UIApplicationSupportsIndirectInputEvents = YES;
				INFOPLIST_KEY_UILaunchScreen_Generation = YES;
				INFOPLIST_KEY_UISupportedInterfaceOrientations_iPad = "UIInterfaceOrientationPortrait UIInterfaceOrientationPortraitUpsideDown UIInterfaceOrientationLandscapeLeft UIInterfaceOrientationLandscapeRight";
				INFOPLIST_KEY_UISupportedInterfaceOrientations_iPhone = "UIInterfaceOrientationPortrait UIInterfaceOrientationLandscapeLeft UIInterfaceOrientationLandscapeRight";
				LD_RUNPATH_SEARCH_PATHS = (
					"$(inherited)",
					"@executable_path/Frameworks",
				);
				MARKETING_VERSION = 1.0;
				PRODUCT_BUNDLE_IDENTIFIER = "sunset.Sound-Effects";
				PRODUCT_NAME = "$(TARGET_NAME)";
				SWIFT_EMIT_LOC_STRINGS = YES;
				SWIFT_VERSION = 5.0;
				TARGETED_DEVICE_FAMILY = "1,2";
			};
			name = Release;
		};
/* End XCBuildConfiguration section */

/* Begin XCConfigurationList section */
		F4ADB3712B90D80D0036B431 /* Build configuration list for PBXProject "Sound Effects" */ = {
			isa = XCConfigurationList;
			buildConfigurations = (
				F4ADB3822B90D80E0036B431 /* Debug */,
				F4ADB3832B90D80E0036B431 /* Release */,
			);
			defaultConfigurationIsVisible = 0;
			defaultConfigurationName = Release;
		};
		F4ADB3842B90D80E0036B431 /* Build configuration list for PBXNativeTarget "Sound Effects" */ = {
			isa = XCConfigurationList;
			buildConfigurations = (
				F4ADB3852B90D80E0036B431 /* Debug */,
				F4ADB3862B90D80E0036B431 /* Release */,
			);
			defaultConfigurationIsVisible = 0;
			defaultConfigurationName = Release;
		};
/* End XCConfigurationList section */
	};
	rootObject = F4ADB36E2B90D80D0036B431 /* Project object */;
}
